
Microsoft Visual Studio Solution File, Format Version 12.00
# Visual Studio Version 17
VisualStudioVersion = 17.6.33712.159
MinimumVisualStudioVersion = 10.0.40219.1
Project("{FAE04EC0-301F-11D3-BF4B-00C04F79EFBC}") = "Scraping Population", "Scraping Population\Scraping Population.csproj", "{361AC9CD-D67B-4B12-9315-E38BAC4A0B2E}"
EndProject
Project("{FAE04EC0-301F-11D3-BF4B-00C04F79EFBC}") = "Data_Access_Layer", "Data_Access_Layer\Data_Access_Layer.csproj", "{4D3ED879-4085-4862-8398-6E0CAA8AC16C}"
EndProject
Project("{FAE04EC0-301F-11D3-BF4B-00C04F79EFBC}") = "Business_Logic_Layer", "Business_Logic_Layer\Business_Logic_Layer.csproj", "{564795DF-1F9B-429B-81C9-DBB02EA4CAB7}"
EndProject
Global
	GlobalSection(SolutionConfigurationPlatforms) = preSolution
		Debug|Any CPU = Debug|Any CPU
		Release|Any CPU = Release|Any CPU
	EndGlobalSection
	GlobalSection(ProjectConfigurationPlatforms) = postSolution
		{361AC9CD-D67B-4B12-9315-E38BAC4A0B2E}.Debug|Any CPU.ActiveCfg = Debug|Any CPU
		{361AC9CD-D67B-4B12-9315-E38BAC4A0B2E}.Debug|Any CPU.Build.0 = Debug|Any CPU
		{361AC9CD-D67B-4B12-9315-E38BAC4A0B2E}.Release|Any CPU.ActiveCfg = Release|Any CPU
		{361AC9CD-D67B-4B12-9315-E38BAC4A0B2E}.Release|Any CPU.Build.0 = Release|Any CPU
		{4D3ED879-4085-4862-8398-6E0CAA8AC16C}.Debug|Any CPU.ActiveCfg = Debug|Any CPU
		{4D3ED879-4085-4862-8398-6E0CAA8AC16C}.Debug|Any CPU.Build.0 = Debug|Any CPU
		{4D3ED879-4085-4862-8398-6E0CAA8AC16C}.Release|Any CPU.ActiveCfg = Release|Any CPU
		{4D3ED879-4085-4862-8398-6E0CAA8AC16C}.Release|Any CPU.Build.0 = Release|Any CPU
		{564795DF-1F9B-429B-81C9-DBB02EA4CAB7}.Debug|Any CPU.ActiveCfg = Debug|Any CPU
		{564795DF-1F9B-429B-81C9-DBB02EA4CAB7}.Debug|Any CPU.Build.0 = Debug|Any CPU
		{564795DF-1F9B-429B-81C9-DBB02EA4CAB7}.Release|Any CPU.ActiveCfg = Release|Any CPU
		{564795DF-1F9B-429B-81C9-DBB02EA4CAB7}.Release|Any CPU.Build.0 = Release|Any CPU
	EndGlobalSection
	GlobalSection(SolutionProperties) = preSolution
		HideSolutionNode = FALSE
	EndGlobalSection
	GlobalSection(ExtensibilityGlobals) = postSolution
		SolutionGuid = {DE17CF0A-8CCE-4D30-BC03-5E1112546F7B}
	EndGlobalSection
EndGlobal
